
Microsoft Visual Studio Solution File, Format Version 12.00
# Visual Studio 15
VisualStudioVersion = 15.0.27004.2010
MinimumVisualStudioVersion = 10.0.40219.1
Project("{FAE04EC0-301F-11D3-BF4B-00C04F79EFBC}") = "LabDB2", "LabDB2\LabDB2.csproj", "{99C9E82C-C594-446D-AA59-8FFBC43AD226}"
EndProject
Project("{2150E333-8FDC-42A3-9474-1A3956D46DE8}") = "Modules", "Modules", "{8F1F5AA4-B46F-4661-AAB0-490B2C80DA5C}"
EndProject
Project("{2150E333-8FDC-42A3-9474-1A3956D46DE8}") = "Common", "Common", "{3560430A-1098-46BE-8732-26BCC70F451A}"
EndProject
Project("{FAE04EC0-301F-11D3-BF4B-00C04F79EFBC}") = "Infrastructure", "Infrastructure\Infrastructure.csproj", "{C432C3BE-1051-45F1-95A1-9397BBF35923}"
EndProject
Project("{FAE04EC0-301F-11D3-BF4B-00C04F79EFBC}") = "Navigation", "Navigation\Navigation.csproj", "{31368A5F-9770-4198-BC3D-4996917B4139}"
EndProject
Project("{FAE04EC0-301F-11D3-BF4B-00C04F79EFBC}") = "Controls", "Controls\Controls.csproj", "{315CD8AB-0509-4D45-ABA5-B2CBD0F10F69}"
EndProject
Project("{FAE04EC0-301F-11D3-BF4B-00C04F79EFBC}") = "Reports", "Reports\Reports.csproj", "{DD1A1429-E1AC-4611-9971-F99988C4EDBA}"
	ProjectSection(ProjectDependencies) = postProject
		{AB8B448C-DD74-4D60-A041-3E5D03A32180} = {AB8B448C-DD74-4D60-A041-3E5D03A32180}
	EndProjectSection
EndProject
Project("{FAE04EC0-301F-11D3-BF4B-00C04F79EFBC}") = "Projects", "Projects\Projects.csproj", "{18B8EFFF-84FF-4652-B3E6-A35F59461247}"
	ProjectSection(ProjectDependencies) = postProject
		{AB8B448C-DD74-4D60-A041-3E5D03A32180} = {AB8B448C-DD74-4D60-A041-3E5D03A32180}
	EndProjectSection
EndProject
Project("{FAE04EC0-301F-11D3-BF4B-00C04F79EFBC}") = "Specifications", "Specifications\Specifications.csproj", "{4AD99F97-C930-447D-93DF-225EB347255E}"
	ProjectSection(ProjectDependencies) = postProject
		{AB8B448C-DD74-4D60-A041-3E5D03A32180} = {AB8B448C-DD74-4D60-A041-3E5D03A32180}
	EndProjectSection
EndProject
Project("{FAE04EC0-301F-11D3-BF4B-00C04F79EFBC}") = "Tasks", "Tasks\Tasks.csproj", "{243DA195-5CA0-4826-94E8-13B023BAB8C6}"
	ProjectSection(ProjectDependencies) = postProject
		{AB8B448C-DD74-4D60-A041-3E5D03A32180} = {AB8B448C-DD74-4D60-A041-3E5D03A32180}
	EndProjectSection
EndProject
Project("{FAE04EC0-301F-11D3-BF4B-00C04F79EFBC}") = "Admin", "Admin\Admin.csproj", "{DF56D17F-6CEE-4BED-9931-43260EC3FBD7}"
EndProject
Project("{FAE04EC0-301F-11D3-BF4B-00C04F79EFBC}") = "Security", "Security\Security.csproj", "{EC7F180A-B306-4D9C-84C8-632BB2E4AE5C}"
EndProject
Project("{FAE04EC0-301F-11D3-BF4B-00C04F79EFBC}") = "DBManager", "DBManager\DBManager.csproj", "{AB8B448C-DD74-4D60-A041-3E5D03A32180}"
EndProject
Project("{FAE04EC0-301F-11D3-BF4B-00C04F79EFBC}") = "Materials", "Materials\Materials.csproj", "{B6863F10-ADC1-4F0C-987B-8ACA2DB14B0F}"
EndProject
Project("{FAE04EC0-301F-11D3-BF4B-00C04F79EFBC}") = "Instruments", "Instruments\Instruments.csproj", "{820441F7-4E40-4536-9B31-6A30C7811E92}"
EndProject
Project("{FAE04EC0-301F-11D3-BF4B-00C04F79EFBC}") = "User", "User\User.csproj", "{C08F0724-A1A8-490D-BE56-2D196B0F877F}"
EndProject
Project("{2150E333-8FDC-42A3-9474-1A3956D46DE8}") = "Solution Items", "Solution Items", "{DBCF078B-89B6-46CA-B3FC-03CFDA5234E7}"
	ProjectSection(SolutionItems) = preProject
		Materials\Views\BatchCreationDialog.xaml = Materials\Views\BatchCreationDialog.xaml
		Materials\Views\BatchCreationDialog.xaml.cs = Materials\Views\BatchCreationDialog.xaml.cs
		version.log = version.log
	EndProjectSection
EndProject
Project("{FAE04EC0-301F-11D3-BF4B-00C04F79EFBC}") = "Reporting", "Reporting\Reporting.csproj", "{E6E57B0F-0C23-4EDD-BEE7-D24A3D2413C5}"
EndProject
Project("{FAE04EC0-301F-11D3-BF4B-00C04F79EFBC}") = "DBManagerTests", "DBManagerTests\DBManagerTests.csproj", "{D9C57D48-413A-46A7-8F82-7DDD32A173BE}"
EndProject
Project("{2150E333-8FDC-42A3-9474-1A3956D46DE8}") = "Test_assemblies", "Test_assemblies", "{5C29ACB5-924D-42D5-8634-6205091FC610}"
EndProject
Project("{FAE04EC0-301F-11D3-BF4B-00C04F79EFBC}") = "ServicesTests", "ServicesTests\ServicesTests.csproj", "{5D4BFFBE-219F-43F2-AB18-6340B040AB9B}"
EndProject
Project("{FAE04EC0-301F-11D3-BF4B-00C04F79EFBC}") = "ClassLibrary1", "ClassLibrary1\ClassLibrary1.csproj", "{D2CBB1E5-A945-4715-828C-E2AE2DAFCD0A}"
EndProject
Global
	GlobalSection(SolutionConfigurationPlatforms) = preSolution
		Debug|Any CPU = Debug|Any CPU
		Debug|ARM = Debug|ARM
		Debug|x64 = Debug|x64
		Debug|x86 = Debug|x86
		Release|Any CPU = Release|Any CPU
		Release|ARM = Release|ARM
		Release|x64 = Release|x64
		Release|x86 = Release|x86
	EndGlobalSection
	GlobalSection(ProjectConfigurationPlatforms) = postSolution
		{99C9E82C-C594-446D-AA59-8FFBC43AD226}.Debug|Any CPU.ActiveCfg = Debug|Any CPU
		{99C9E82C-C594-446D-AA59-8FFBC43AD226}.Debug|Any CPU.Build.0 = Debug|Any CPU
		{99C9E82C-C594-446D-AA59-8FFBC43AD226}.Debug|ARM.ActiveCfg = Debug|Any CPU
		{99C9E82C-C594-446D-AA59-8FFBC43AD226}.Debug|ARM.Build.0 = Debug|Any CPU
		{99C9E82C-C594-446D-AA59-8FFBC43AD226}.Debug|x64.ActiveCfg = Debug|Any CPU
		{99C9E82C-C594-446D-AA59-8FFBC43AD226}.Debug|x64.Build.0 = Debug|Any CPU
		{99C9E82C-C594-446D-AA59-8FFBC43AD226}.Debug|x86.ActiveCfg = Debug|Any CPU
		{99C9E82C-C594-446D-AA59-8FFBC43AD226}.Debug|x86.Build.0 = Debug|Any CPU
		{99C9E82C-C594-446D-AA59-8FFBC43AD226}.Release|Any CPU.ActiveCfg = Release|Any CPU
		{99C9E82C-C594-446D-AA59-8FFBC43AD226}.Release|Any CPU.Build.0 = Release|Any CPU
		{99C9E82C-C594-446D-AA59-8FFBC43AD226}.Release|ARM.ActiveCfg = Release|Any CPU
		{99C9E82C-C594-446D-AA59-8FFBC43AD226}.Release|ARM.Build.0 = Release|Any CPU
		{99C9E82C-C594-446D-AA59-8FFBC43AD226}.Release|x64.ActiveCfg = Release|Any CPU
		{99C9E82C-C594-446D-AA59-8FFBC43AD226}.Release|x64.Build.0 = Release|Any CPU
		{99C9E82C-C594-446D-AA59-8FFBC43AD226}.Release|x86.ActiveCfg = Release|Any CPU
		{99C9E82C-C594-446D-AA59-8FFBC43AD226}.Release|x86.Build.0 = Release|Any CPU
		{C432C3BE-1051-45F1-95A1-9397BBF35923}.Debug|Any CPU.ActiveCfg = Debug|Any CPU
		{C432C3BE-1051-45F1-95A1-9397BBF35923}.Debug|Any CPU.Build.0 = Debug|Any CPU
		{C432C3BE-1051-45F1-95A1-9397BBF35923}.Debug|ARM.ActiveCfg = Debug|Any CPU
		{C432C3BE-1051-45F1-95A1-9397BBF35923}.Debug|ARM.Build.0 = Debug|Any CPU
		{C432C3BE-1051-45F1-95A1-9397BBF35923}.Debug|x64.ActiveCfg = Debug|Any CPU
		{C432C3BE-1051-45F1-95A1-9397BBF35923}.Debug|x64.Build.0 = Debug|Any CPU
		{C432C3BE-1051-45F1-95A1-9397BBF35923}.Debug|x86.ActiveCfg = Debug|Any CPU
		{C432C3BE-1051-45F1-95A1-9397BBF35923}.Debug|x86.Build.0 = Debug|Any CPU
		{C432C3BE-1051-45F1-95A1-9397BBF35923}.Release|Any CPU.ActiveCfg = Release|Any CPU
		{C432C3BE-1051-45F1-95A1-9397BBF35923}.Release|Any CPU.Build.0 = Release|Any CPU
		{C432C3BE-1051-45F1-95A1-9397BBF35923}.Release|ARM.ActiveCfg = Release|Any CPU
		{C432C3BE-1051-45F1-95A1-9397BBF35923}.Release|ARM.Build.0 = Release|Any CPU
		{C432C3BE-1051-45F1-95A1-9397BBF35923}.Release|x64.ActiveCfg = Release|Any CPU
		{C432C3BE-1051-45F1-95A1-9397BBF35923}.Release|x64.Build.0 = Release|Any CPU
		{C432C3BE-1051-45F1-95A1-9397BBF35923}.Release|x86.ActiveCfg = Release|Any CPU
		{C432C3BE-1051-45F1-95A1-9397BBF35923}.Release|x86.Build.0 = Release|Any CPU
		{31368A5F-9770-4198-BC3D-4996917B4139}.Debug|Any CPU.ActiveCfg = Debug|Any CPU
		{31368A5F-9770-4198-BC3D-4996917B4139}.Debug|Any CPU.Build.0 = Debug|Any CPU
		{31368A5F-9770-4198-BC3D-4996917B4139}.Debug|ARM.ActiveCfg = Debug|Any CPU
		{31368A5F-9770-4198-BC3D-4996917B4139}.Debug|ARM.Build.0 = Debug|Any CPU
		{31368A5F-9770-4198-BC3D-4996917B4139}.Debug|x64.ActiveCfg = Debug|Any CPU
		{31368A5F-9770-4198-BC3D-4996917B4139}.Debug|x64.Build.0 = Debug|Any CPU
		{31368A5F-9770-4198-BC3D-4996917B4139}.Debug|x86.ActiveCfg = Debug|Any CPU
		{31368A5F-9770-4198-BC3D-4996917B4139}.Debug|x86.Build.0 = Debug|Any CPU
		{31368A5F-9770-4198-BC3D-4996917B4139}.Release|Any CPU.ActiveCfg = Release|Any CPU
		{31368A5F-9770-4198-BC3D-4996917B4139}.Release|Any CPU.Build.0 = Release|Any CPU
		{31368A5F-9770-4198-BC3D-4996917B4139}.Release|ARM.ActiveCfg = Release|Any CPU
		{31368A5F-9770-4198-BC3D-4996917B4139}.Release|ARM.Build.0 = Release|Any CPU
		{31368A5F-9770-4198-BC3D-4996917B4139}.Release|x64.ActiveCfg = Release|Any CPU
		{31368A5F-9770-4198-BC3D-4996917B4139}.Release|x64.Build.0 = Release|Any CPU
		{31368A5F-9770-4198-BC3D-4996917B4139}.Release|x86.ActiveCfg = Release|Any CPU
		{31368A5F-9770-4198-BC3D-4996917B4139}.Release|x86.Build.0 = Release|Any CPU
		{315CD8AB-0509-4D45-ABA5-B2CBD0F10F69}.Debug|Any CPU.ActiveCfg = Debug|Any CPU
		{315CD8AB-0509-4D45-ABA5-B2CBD0F10F69}.Debug|Any CPU.Build.0 = Debug|Any CPU
		{315CD8AB-0509-4D45-ABA5-B2CBD0F10F69}.Debug|ARM.ActiveCfg = Debug|Any CPU
		{315CD8AB-0509-4D45-ABA5-B2CBD0F10F69}.Debug|ARM.Build.0 = Debug|Any CPU
		{315CD8AB-0509-4D45-ABA5-B2CBD0F10F69}.Debug|x64.ActiveCfg = Debug|Any CPU
		{315CD8AB-0509-4D45-ABA5-B2CBD0F10F69}.Debug|x64.Build.0 = Debug|Any CPU
		{315CD8AB-0509-4D45-ABA5-B2CBD0F10F69}.Debug|x86.ActiveCfg = Debug|Any CPU
		{315CD8AB-0509-4D45-ABA5-B2CBD0F10F69}.Debug|x86.Build.0 = Debug|Any CPU
		{315CD8AB-0509-4D45-ABA5-B2CBD0F10F69}.Release|Any CPU.ActiveCfg = Release|Any CPU
		{315CD8AB-0509-4D45-ABA5-B2CBD0F10F69}.Release|Any CPU.Build.0 = Release|Any CPU
		{315CD8AB-0509-4D45-ABA5-B2CBD0F10F69}.Release|ARM.ActiveCfg = Release|Any CPU
		{315CD8AB-0509-4D45-ABA5-B2CBD0F10F69}.Release|ARM.Build.0 = Release|Any CPU
		{315CD8AB-0509-4D45-ABA5-B2CBD0F10F69}.Release|x64.ActiveCfg = Release|Any CPU
		{315CD8AB-0509-4D45-ABA5-B2CBD0F10F69}.Release|x64.Build.0 = Release|Any CPU
		{315CD8AB-0509-4D45-ABA5-B2CBD0F10F69}.Release|x86.ActiveCfg = Release|Any CPU
		{315CD8AB-0509-4D45-ABA5-B2CBD0F10F69}.Release|x86.Build.0 = Release|Any CPU
		{DD1A1429-E1AC-4611-9971-F99988C4EDBA}.Debug|Any CPU.ActiveCfg = Debug|Any CPU
		{DD1A1429-E1AC-4611-9971-F99988C4EDBA}.Debug|Any CPU.Build.0 = Debug|Any CPU
		{DD1A1429-E1AC-4611-9971-F99988C4EDBA}.Debug|ARM.ActiveCfg = Debug|Any CPU
		{DD1A1429-E1AC-4611-9971-F99988C4EDBA}.Debug|ARM.Build.0 = Debug|Any CPU
		{DD1A1429-E1AC-4611-9971-F99988C4EDBA}.Debug|x64.ActiveCfg = Debug|Any CPU
		{DD1A1429-E1AC-4611-9971-F99988C4EDBA}.Debug|x64.Build.0 = Debug|Any CPU
		{DD1A1429-E1AC-4611-9971-F99988C4EDBA}.Debug|x86.ActiveCfg = Debug|Any CPU
		{DD1A1429-E1AC-4611-9971-F99988C4EDBA}.Debug|x86.Build.0 = Debug|Any CPU
		{DD1A1429-E1AC-4611-9971-F99988C4EDBA}.Release|Any CPU.ActiveCfg = Release|Any CPU
		{DD1A1429-E1AC-4611-9971-F99988C4EDBA}.Release|Any CPU.Build.0 = Release|Any CPU
		{DD1A1429-E1AC-4611-9971-F99988C4EDBA}.Release|ARM.ActiveCfg = Release|Any CPU
		{DD1A1429-E1AC-4611-9971-F99988C4EDBA}.Release|ARM.Build.0 = Release|Any CPU
		{DD1A1429-E1AC-4611-9971-F99988C4EDBA}.Release|x64.ActiveCfg = Release|Any CPU
		{DD1A1429-E1AC-4611-9971-F99988C4EDBA}.Release|x64.Build.0 = Release|Any CPU
		{DD1A1429-E1AC-4611-9971-F99988C4EDBA}.Release|x86.ActiveCfg = Release|Any CPU
		{DD1A1429-E1AC-4611-9971-F99988C4EDBA}.Release|x86.Build.0 = Release|Any CPU
		{18B8EFFF-84FF-4652-B3E6-A35F59461247}.Debug|Any CPU.ActiveCfg = Debug|Any CPU
		{18B8EFFF-84FF-4652-B3E6-A35F59461247}.Debug|Any CPU.Build.0 = Debug|Any CPU
		{18B8EFFF-84FF-4652-B3E6-A35F59461247}.Debug|ARM.ActiveCfg = Debug|Any CPU
		{18B8EFFF-84FF-4652-B3E6-A35F59461247}.Debug|ARM.Build.0 = Debug|Any CPU
		{18B8EFFF-84FF-4652-B3E6-A35F59461247}.Debug|x64.ActiveCfg = Debug|Any CPU
		{18B8EFFF-84FF-4652-B3E6-A35F59461247}.Debug|x64.Build.0 = Debug|Any CPU
		{18B8EFFF-84FF-4652-B3E6-A35F59461247}.Debug|x86.ActiveCfg = Debug|Any CPU
		{18B8EFFF-84FF-4652-B3E6-A35F59461247}.Debug|x86.Build.0 = Debug|Any CPU
		{18B8EFFF-84FF-4652-B3E6-A35F59461247}.Release|Any CPU.ActiveCfg = Release|Any CPU
		{18B8EFFF-84FF-4652-B3E6-A35F59461247}.Release|Any CPU.Build.0 = Release|Any CPU
		{18B8EFFF-84FF-4652-B3E6-A35F59461247}.Release|ARM.ActiveCfg = Release|Any CPU
		{18B8EFFF-84FF-4652-B3E6-A35F59461247}.Release|ARM.Build.0 = Release|Any CPU
		{18B8EFFF-84FF-4652-B3E6-A35F59461247}.Release|x64.ActiveCfg = Release|Any CPU
		{18B8EFFF-84FF-4652-B3E6-A35F59461247}.Release|x64.Build.0 = Release|Any CPU
		{18B8EFFF-84FF-4652-B3E6-A35F59461247}.Release|x86.ActiveCfg = Release|Any CPU
		{18B8EFFF-84FF-4652-B3E6-A35F59461247}.Release|x86.Build.0 = Release|Any CPU
		{4AD99F97-C930-447D-93DF-225EB347255E}.Debug|Any CPU.ActiveCfg = Debug|Any CPU
		{4AD99F97-C930-447D-93DF-225EB347255E}.Debug|Any CPU.Build.0 = Debug|Any CPU
		{4AD99F97-C930-447D-93DF-225EB347255E}.Debug|ARM.ActiveCfg = Debug|Any CPU
		{4AD99F97-C930-447D-93DF-225EB347255E}.Debug|ARM.Build.0 = Debug|Any CPU
		{4AD99F97-C930-447D-93DF-225EB347255E}.Debug|x64.ActiveCfg = Debug|Any CPU
		{4AD99F97-C930-447D-93DF-225EB347255E}.Debug|x64.Build.0 = Debug|Any CPU
		{4AD99F97-C930-447D-93DF-225EB347255E}.Debug|x86.ActiveCfg = Debug|Any CPU
		{4AD99F97-C930-447D-93DF-225EB347255E}.Debug|x86.Build.0 = Debug|Any CPU
		{4AD99F97-C930-447D-93DF-225EB347255E}.Release|Any CPU.ActiveCfg = Release|Any CPU
		{4AD99F97-C930-447D-93DF-225EB347255E}.Release|Any CPU.Build.0 = Release|Any CPU
		{4AD99F97-C930-447D-93DF-225EB347255E}.Release|ARM.ActiveCfg = Release|Any CPU
		{4AD99F97-C930-447D-93DF-225EB347255E}.Release|ARM.Build.0 = Release|Any CPU
		{4AD99F97-C930-447D-93DF-225EB347255E}.Release|x64.ActiveCfg = Release|Any CPU
		{4AD99F97-C930-447D-93DF-225EB347255E}.Release|x64.Build.0 = Release|Any CPU
		{4AD99F97-C930-447D-93DF-225EB347255E}.Release|x86.ActiveCfg = Release|Any CPU
		{4AD99F97-C930-447D-93DF-225EB347255E}.Release|x86.Build.0 = Release|Any CPU
		{243DA195-5CA0-4826-94E8-13B023BAB8C6}.Debug|Any CPU.ActiveCfg = Debug|Any CPU
		{243DA195-5CA0-4826-94E8-13B023BAB8C6}.Debug|Any CPU.Build.0 = Debug|Any CPU
		{243DA195-5CA0-4826-94E8-13B023BAB8C6}.Debug|ARM.ActiveCfg = Debug|Any CPU
		{243DA195-5CA0-4826-94E8-13B023BAB8C6}.Debug|ARM.Build.0 = Debug|Any CPU
		{243DA195-5CA0-4826-94E8-13B023BAB8C6}.Debug|x64.ActiveCfg = Debug|Any CPU
		{243DA195-5CA0-4826-94E8-13B023BAB8C6}.Debug|x64.Build.0 = Debug|Any CPU
		{243DA195-5CA0-4826-94E8-13B023BAB8C6}.Debug|x86.ActiveCfg = Debug|Any CPU
		{243DA195-5CA0-4826-94E8-13B023BAB8C6}.Debug|x86.Build.0 = Debug|Any CPU
		{243DA195-5CA0-4826-94E8-13B023BAB8C6}.Release|Any CPU.ActiveCfg = Release|Any CPU
		{243DA195-5CA0-4826-94E8-13B023BAB8C6}.Release|Any CPU.Build.0 = Release|Any CPU
		{243DA195-5CA0-4826-94E8-13B023BAB8C6}.Release|ARM.ActiveCfg = Release|Any CPU
		{243DA195-5CA0-4826-94E8-13B023BAB8C6}.Release|ARM.Build.0 = Release|Any CPU
		{243DA195-5CA0-4826-94E8-13B023BAB8C6}.Release|x64.ActiveCfg = Release|Any CPU
		{243DA195-5CA0-4826-94E8-13B023BAB8C6}.Release|x64.Build.0 = Release|Any CPU
		{243DA195-5CA0-4826-94E8-13B023BAB8C6}.Release|x86.ActiveCfg = Release|Any CPU
		{243DA195-5CA0-4826-94E8-13B023BAB8C6}.Release|x86.Build.0 = Release|Any CPU
		{DF56D17F-6CEE-4BED-9931-43260EC3FBD7}.Debug|Any CPU.ActiveCfg = Debug|Any CPU
		{DF56D17F-6CEE-4BED-9931-43260EC3FBD7}.Debug|Any CPU.Build.0 = Debug|Any CPU
		{DF56D17F-6CEE-4BED-9931-43260EC3FBD7}.Debug|ARM.ActiveCfg = Debug|Any CPU
		{DF56D17F-6CEE-4BED-9931-43260EC3FBD7}.Debug|ARM.Build.0 = Debug|Any CPU
		{DF56D17F-6CEE-4BED-9931-43260EC3FBD7}.Debug|x64.ActiveCfg = Debug|Any CPU
		{DF56D17F-6CEE-4BED-9931-43260EC3FBD7}.Debug|x64.Build.0 = Debug|Any CPU
		{DF56D17F-6CEE-4BED-9931-43260EC3FBD7}.Debug|x86.ActiveCfg = Debug|Any CPU
		{DF56D17F-6CEE-4BED-9931-43260EC3FBD7}.Debug|x86.Build.0 = Debug|Any CPU
		{DF56D17F-6CEE-4BED-9931-43260EC3FBD7}.Release|Any CPU.ActiveCfg = Release|Any CPU
		{DF56D17F-6CEE-4BED-9931-43260EC3FBD7}.Release|Any CPU.Build.0 = Release|Any CPU
		{DF56D17F-6CEE-4BED-9931-43260EC3FBD7}.Release|ARM.ActiveCfg = Release|Any CPU
		{DF56D17F-6CEE-4BED-9931-43260EC3FBD7}.Release|ARM.Build.0 = Release|Any CPU
		{DF56D17F-6CEE-4BED-9931-43260EC3FBD7}.Release|x64.ActiveCfg = Release|Any CPU
		{DF56D17F-6CEE-4BED-9931-43260EC3FBD7}.Release|x64.Build.0 = Release|Any CPU
		{DF56D17F-6CEE-4BED-9931-43260EC3FBD7}.Release|x86.ActiveCfg = Release|Any CPU
		{DF56D17F-6CEE-4BED-9931-43260EC3FBD7}.Release|x86.Build.0 = Release|Any CPU
		{EC7F180A-B306-4D9C-84C8-632BB2E4AE5C}.Debug|Any CPU.ActiveCfg = Debug|Any CPU
		{EC7F180A-B306-4D9C-84C8-632BB2E4AE5C}.Debug|Any CPU.Build.0 = Debug|Any CPU
		{EC7F180A-B306-4D9C-84C8-632BB2E4AE5C}.Debug|ARM.ActiveCfg = Debug|Any CPU
		{EC7F180A-B306-4D9C-84C8-632BB2E4AE5C}.Debug|ARM.Build.0 = Debug|Any CPU
		{EC7F180A-B306-4D9C-84C8-632BB2E4AE5C}.Debug|x64.ActiveCfg = Debug|Any CPU
		{EC7F180A-B306-4D9C-84C8-632BB2E4AE5C}.Debug|x64.Build.0 = Debug|Any CPU
		{EC7F180A-B306-4D9C-84C8-632BB2E4AE5C}.Debug|x86.ActiveCfg = Debug|Any CPU
		{EC7F180A-B306-4D9C-84C8-632BB2E4AE5C}.Debug|x86.Build.0 = Debug|Any CPU
		{EC7F180A-B306-4D9C-84C8-632BB2E4AE5C}.Release|Any CPU.ActiveCfg = Release|Any CPU
		{EC7F180A-B306-4D9C-84C8-632BB2E4AE5C}.Release|Any CPU.Build.0 = Release|Any CPU
		{EC7F180A-B306-4D9C-84C8-632BB2E4AE5C}.Release|ARM.ActiveCfg = Release|Any CPU
		{EC7F180A-B306-4D9C-84C8-632BB2E4AE5C}.Release|ARM.Build.0 = Release|Any CPU
		{EC7F180A-B306-4D9C-84C8-632BB2E4AE5C}.Release|x64.ActiveCfg = Release|Any CPU
		{EC7F180A-B306-4D9C-84C8-632BB2E4AE5C}.Release|x64.Build.0 = Release|Any CPU
		{EC7F180A-B306-4D9C-84C8-632BB2E4AE5C}.Release|x86.ActiveCfg = Release|Any CPU
		{EC7F180A-B306-4D9C-84C8-632BB2E4AE5C}.Release|x86.Build.0 = Release|Any CPU
		{AB8B448C-DD74-4D60-A041-3E5D03A32180}.Debug|Any CPU.ActiveCfg = Debug|Any CPU
		{AB8B448C-DD74-4D60-A041-3E5D03A32180}.Debug|Any CPU.Build.0 = Debug|Any CPU
		{AB8B448C-DD74-4D60-A041-3E5D03A32180}.Debug|ARM.ActiveCfg = Debug|Any CPU
		{AB8B448C-DD74-4D60-A041-3E5D03A32180}.Debug|ARM.Build.0 = Debug|Any CPU
		{AB8B448C-DD74-4D60-A041-3E5D03A32180}.Debug|x64.ActiveCfg = Debug|Any CPU
		{AB8B448C-DD74-4D60-A041-3E5D03A32180}.Debug|x64.Build.0 = Debug|Any CPU
		{AB8B448C-DD74-4D60-A041-3E5D03A32180}.Debug|x86.ActiveCfg = Debug|Any CPU
		{AB8B448C-DD74-4D60-A041-3E5D03A32180}.Debug|x86.Build.0 = Debug|Any CPU
		{AB8B448C-DD74-4D60-A041-3E5D03A32180}.Release|Any CPU.ActiveCfg = Release|Any CPU
		{AB8B448C-DD74-4D60-A041-3E5D03A32180}.Release|Any CPU.Build.0 = Release|Any CPU
		{AB8B448C-DD74-4D60-A041-3E5D03A32180}.Release|ARM.ActiveCfg = Release|Any CPU
		{AB8B448C-DD74-4D60-A041-3E5D03A32180}.Release|ARM.Build.0 = Release|Any CPU
		{AB8B448C-DD74-4D60-A041-3E5D03A32180}.Release|x64.ActiveCfg = Release|Any CPU
		{AB8B448C-DD74-4D60-A041-3E5D03A32180}.Release|x64.Build.0 = Release|Any CPU
		{AB8B448C-DD74-4D60-A041-3E5D03A32180}.Release|x86.ActiveCfg = Release|Any CPU
		{AB8B448C-DD74-4D60-A041-3E5D03A32180}.Release|x86.Build.0 = Release|Any CPU
		{B6863F10-ADC1-4F0C-987B-8ACA2DB14B0F}.Debug|Any CPU.ActiveCfg = Debug|Any CPU
		{B6863F10-ADC1-4F0C-987B-8ACA2DB14B0F}.Debug|Any CPU.Build.0 = Debug|Any CPU
		{B6863F10-ADC1-4F0C-987B-8ACA2DB14B0F}.Debug|ARM.ActiveCfg = Debug|Any CPU
		{B6863F10-ADC1-4F0C-987B-8ACA2DB14B0F}.Debug|ARM.Build.0 = Debug|Any CPU
		{B6863F10-ADC1-4F0C-987B-8ACA2DB14B0F}.Debug|x64.ActiveCfg = Debug|Any CPU
		{B6863F10-ADC1-4F0C-987B-8ACA2DB14B0F}.Debug|x64.Build.0 = Debug|Any CPU
		{B6863F10-ADC1-4F0C-987B-8ACA2DB14B0F}.Debug|x86.ActiveCfg = Debug|Any CPU
		{B6863F10-ADC1-4F0C-987B-8ACA2DB14B0F}.Debug|x86.Build.0 = Debug|Any CPU
		{B6863F10-ADC1-4F0C-987B-8ACA2DB14B0F}.Release|Any CPU.ActiveCfg = Release|Any CPU
		{B6863F10-ADC1-4F0C-987B-8ACA2DB14B0F}.Release|Any CPU.Build.0 = Release|Any CPU
		{B6863F10-ADC1-4F0C-987B-8ACA2DB14B0F}.Release|ARM.ActiveCfg = Release|Any CPU
		{B6863F10-ADC1-4F0C-987B-8ACA2DB14B0F}.Release|ARM.Build.0 = Release|Any CPU
		{B6863F10-ADC1-4F0C-987B-8ACA2DB14B0F}.Release|x64.ActiveCfg = Release|Any CPU
		{B6863F10-ADC1-4F0C-987B-8ACA2DB14B0F}.Release|x64.Build.0 = Release|Any CPU
		{B6863F10-ADC1-4F0C-987B-8ACA2DB14B0F}.Release|x86.ActiveCfg = Release|Any CPU
		{B6863F10-ADC1-4F0C-987B-8ACA2DB14B0F}.Release|x86.Build.0 = Release|Any CPU
		{820441F7-4E40-4536-9B31-6A30C7811E92}.Debug|Any CPU.ActiveCfg = Debug|Any CPU
		{820441F7-4E40-4536-9B31-6A30C7811E92}.Debug|Any CPU.Build.0 = Debug|Any CPU
		{820441F7-4E40-4536-9B31-6A30C7811E92}.Debug|ARM.ActiveCfg = Debug|Any CPU
		{820441F7-4E40-4536-9B31-6A30C7811E92}.Debug|ARM.Build.0 = Debug|Any CPU
		{820441F7-4E40-4536-9B31-6A30C7811E92}.Debug|x64.ActiveCfg = Debug|Any CPU
		{820441F7-4E40-4536-9B31-6A30C7811E92}.Debug|x64.Build.0 = Debug|Any CPU
		{820441F7-4E40-4536-9B31-6A30C7811E92}.Debug|x86.ActiveCfg = Debug|Any CPU
		{820441F7-4E40-4536-9B31-6A30C7811E92}.Debug|x86.Build.0 = Debug|Any CPU
		{820441F7-4E40-4536-9B31-6A30C7811E92}.Release|Any CPU.ActiveCfg = Release|Any CPU
		{820441F7-4E40-4536-9B31-6A30C7811E92}.Release|Any CPU.Build.0 = Release|Any CPU
		{820441F7-4E40-4536-9B31-6A30C7811E92}.Release|ARM.ActiveCfg = Release|Any CPU
		{820441F7-4E40-4536-9B31-6A30C7811E92}.Release|ARM.Build.0 = Release|Any CPU
		{820441F7-4E40-4536-9B31-6A30C7811E92}.Release|x64.ActiveCfg = Release|Any CPU
		{820441F7-4E40-4536-9B31-6A30C7811E92}.Release|x64.Build.0 = Release|Any CPU
		{820441F7-4E40-4536-9B31-6A30C7811E92}.Release|x86.ActiveCfg = Release|Any CPU
		{820441F7-4E40-4536-9B31-6A30C7811E92}.Release|x86.Build.0 = Release|Any CPU
		{C08F0724-A1A8-490D-BE56-2D196B0F877F}.Debug|Any CPU.ActiveCfg = Debug|Any CPU
		{C08F0724-A1A8-490D-BE56-2D196B0F877F}.Debug|Any CPU.Build.0 = Debug|Any CPU
		{C08F0724-A1A8-490D-BE56-2D196B0F877F}.Debug|ARM.ActiveCfg = Debug|Any CPU
		{C08F0724-A1A8-490D-BE56-2D196B0F877F}.Debug|ARM.Build.0 = Debug|Any CPU
		{C08F0724-A1A8-490D-BE56-2D196B0F877F}.Debug|x64.ActiveCfg = Debug|Any CPU
		{C08F0724-A1A8-490D-BE56-2D196B0F877F}.Debug|x64.Build.0 = Debug|Any CPU
		{C08F0724-A1A8-490D-BE56-2D196B0F877F}.Debug|x86.ActiveCfg = Debug|Any CPU
		{C08F0724-A1A8-490D-BE56-2D196B0F877F}.Debug|x86.Build.0 = Debug|Any CPU
		{C08F0724-A1A8-490D-BE56-2D196B0F877F}.Release|Any CPU.ActiveCfg = Release|Any CPU
		{C08F0724-A1A8-490D-BE56-2D196B0F877F}.Release|Any CPU.Build.0 = Release|Any CPU
		{C08F0724-A1A8-490D-BE56-2D196B0F877F}.Release|ARM.ActiveCfg = Release|Any CPU
		{C08F0724-A1A8-490D-BE56-2D196B0F877F}.Release|ARM.Build.0 = Release|Any CPU
		{C08F0724-A1A8-490D-BE56-2D196B0F877F}.Release|x64.ActiveCfg = Release|Any CPU
		{C08F0724-A1A8-490D-BE56-2D196B0F877F}.Release|x64.Build.0 = Release|Any CPU
		{C08F0724-A1A8-490D-BE56-2D196B0F877F}.Release|x86.ActiveCfg = Release|Any CPU
		{C08F0724-A1A8-490D-BE56-2D196B0F877F}.Release|x86.Build.0 = Release|Any CPU
		{E6E57B0F-0C23-4EDD-BEE7-D24A3D2413C5}.Debug|Any CPU.ActiveCfg = Debug|Any CPU
		{E6E57B0F-0C23-4EDD-BEE7-D24A3D2413C5}.Debug|Any CPU.Build.0 = Debug|Any CPU
		{E6E57B0F-0C23-4EDD-BEE7-D24A3D2413C5}.Debug|ARM.ActiveCfg = Debug|Any CPU
		{E6E57B0F-0C23-4EDD-BEE7-D24A3D2413C5}.Debug|ARM.Build.0 = Debug|Any CPU
		{E6E57B0F-0C23-4EDD-BEE7-D24A3D2413C5}.Debug|x64.ActiveCfg = Debug|Any CPU
		{E6E57B0F-0C23-4EDD-BEE7-D24A3D2413C5}.Debug|x64.Build.0 = Debug|Any CPU
		{E6E57B0F-0C23-4EDD-BEE7-D24A3D2413C5}.Debug|x86.ActiveCfg = Debug|Any CPU
		{E6E57B0F-0C23-4EDD-BEE7-D24A3D2413C5}.Debug|x86.Build.0 = Debug|Any CPU
		{E6E57B0F-0C23-4EDD-BEE7-D24A3D2413C5}.Release|Any CPU.ActiveCfg = Release|Any CPU
		{E6E57B0F-0C23-4EDD-BEE7-D24A3D2413C5}.Release|Any CPU.Build.0 = Release|Any CPU
		{E6E57B0F-0C23-4EDD-BEE7-D24A3D2413C5}.Release|ARM.ActiveCfg = Release|Any CPU
		{E6E57B0F-0C23-4EDD-BEE7-D24A3D2413C5}.Release|ARM.Build.0 = Release|Any CPU
		{E6E57B0F-0C23-4EDD-BEE7-D24A3D2413C5}.Release|x64.ActiveCfg = Release|Any CPU
		{E6E57B0F-0C23-4EDD-BEE7-D24A3D2413C5}.Release|x64.Build.0 = Release|Any CPU
		{E6E57B0F-0C23-4EDD-BEE7-D24A3D2413C5}.Release|x86.ActiveCfg = Release|Any CPU
		{E6E57B0F-0C23-4EDD-BEE7-D24A3D2413C5}.Release|x86.Build.0 = Release|Any CPU
		{D9C57D48-413A-46A7-8F82-7DDD32A173BE}.Debug|Any CPU.ActiveCfg = Debug|Any CPU
		{D9C57D48-413A-46A7-8F82-7DDD32A173BE}.Debug|Any CPU.Build.0 = Debug|Any CPU
		{D9C57D48-413A-46A7-8F82-7DDD32A173BE}.Debug|ARM.ActiveCfg = Debug|Any CPU
		{D9C57D48-413A-46A7-8F82-7DDD32A173BE}.Debug|ARM.Build.0 = Debug|Any CPU
		{D9C57D48-413A-46A7-8F82-7DDD32A173BE}.Debug|x64.ActiveCfg = Debug|Any CPU
		{D9C57D48-413A-46A7-8F82-7DDD32A173BE}.Debug|x64.Build.0 = Debug|Any CPU
		{D9C57D48-413A-46A7-8F82-7DDD32A173BE}.Debug|x86.ActiveCfg = Debug|Any CPU
		{D9C57D48-413A-46A7-8F82-7DDD32A173BE}.Debug|x86.Build.0 = Debug|Any CPU
		{D9C57D48-413A-46A7-8F82-7DDD32A173BE}.Release|Any CPU.ActiveCfg = Release|Any CPU
		{D9C57D48-413A-46A7-8F82-7DDD32A173BE}.Release|Any CPU.Build.0 = Release|Any CPU
		{D9C57D48-413A-46A7-8F82-7DDD32A173BE}.Release|ARM.ActiveCfg = Release|Any CPU
		{D9C57D48-413A-46A7-8F82-7DDD32A173BE}.Release|ARM.Build.0 = Release|Any CPU
		{D9C57D48-413A-46A7-8F82-7DDD32A173BE}.Release|x64.ActiveCfg = Release|Any CPU
		{D9C57D48-413A-46A7-8F82-7DDD32A173BE}.Release|x64.Build.0 = Release|Any CPU
		{D9C57D48-413A-46A7-8F82-7DDD32A173BE}.Release|x86.ActiveCfg = Release|Any CPU
		{D9C57D48-413A-46A7-8F82-7DDD32A173BE}.Release|x86.Build.0 = Release|Any CPU
		{5D4BFFBE-219F-43F2-AB18-6340B040AB9B}.Debug|Any CPU.ActiveCfg = Debug|Any CPU
		{5D4BFFBE-219F-43F2-AB18-6340B040AB9B}.Debug|Any CPU.Build.0 = Debug|Any CPU
		{5D4BFFBE-219F-43F2-AB18-6340B040AB9B}.Debug|ARM.ActiveCfg = Debug|Any CPU
		{5D4BFFBE-219F-43F2-AB18-6340B040AB9B}.Debug|ARM.Build.0 = Debug|Any CPU
		{5D4BFFBE-219F-43F2-AB18-6340B040AB9B}.Debug|x64.ActiveCfg = Debug|Any CPU
		{5D4BFFBE-219F-43F2-AB18-6340B040AB9B}.Debug|x64.Build.0 = Debug|Any CPU
		{5D4BFFBE-219F-43F2-AB18-6340B040AB9B}.Debug|x86.ActiveCfg = Debug|Any CPU
		{5D4BFFBE-219F-43F2-AB18-6340B040AB9B}.Debug|x86.Build.0 = Debug|Any CPU
		{5D4BFFBE-219F-43F2-AB18-6340B040AB9B}.Release|Any CPU.ActiveCfg = Release|Any CPU
		{5D4BFFBE-219F-43F2-AB18-6340B040AB9B}.Release|Any CPU.Build.0 = Release|Any CPU
		{5D4BFFBE-219F-43F2-AB18-6340B040AB9B}.Release|ARM.ActiveCfg = Release|Any CPU
		{5D4BFFBE-219F-43F2-AB18-6340B040AB9B}.Release|ARM.Build.0 = Release|Any CPU
		{5D4BFFBE-219F-43F2-AB18-6340B040AB9B}.Release|x64.ActiveCfg = Release|Any CPU
		{5D4BFFBE-219F-43F2-AB18-6340B040AB9B}.Release|x64.Build.0 = Release|Any CPU
		{5D4BFFBE-219F-43F2-AB18-6340B040AB9B}.Release|x86.ActiveCfg = Release|Any CPU
		{5D4BFFBE-219F-43F2-AB18-6340B040AB9B}.Release|x86.Build.0 = Release|Any CPU
		{D2CBB1E5-A945-4715-828C-E2AE2DAFCD0A}.Debug|Any CPU.ActiveCfg = Debug|Any CPU
		{D2CBB1E5-A945-4715-828C-E2AE2DAFCD0A}.Debug|Any CPU.Build.0 = Debug|Any CPU
		{D2CBB1E5-A945-4715-828C-E2AE2DAFCD0A}.Debug|ARM.ActiveCfg = Debug|Any CPU
		{D2CBB1E5-A945-4715-828C-E2AE2DAFCD0A}.Debug|ARM.Build.0 = Debug|Any CPU
		{D2CBB1E5-A945-4715-828C-E2AE2DAFCD0A}.Debug|x64.ActiveCfg = Debug|Any CPU
		{D2CBB1E5-A945-4715-828C-E2AE2DAFCD0A}.Debug|x64.Build.0 = Debug|Any CPU
		{D2CBB1E5-A945-4715-828C-E2AE2DAFCD0A}.Debug|x86.ActiveCfg = Debug|Any CPU
		{D2CBB1E5-A945-4715-828C-E2AE2DAFCD0A}.Debug|x86.Build.0 = Debug|Any CPU
		{D2CBB1E5-A945-4715-828C-E2AE2DAFCD0A}.Release|Any CPU.ActiveCfg = Release|Any CPU
		{D2CBB1E5-A945-4715-828C-E2AE2DAFCD0A}.Release|Any CPU.Build.0 = Release|Any CPU
		{D2CBB1E5-A945-4715-828C-E2AE2DAFCD0A}.Release|ARM.ActiveCfg = Release|Any CPU
		{D2CBB1E5-A945-4715-828C-E2AE2DAFCD0A}.Release|ARM.Build.0 = Release|Any CPU
		{D2CBB1E5-A945-4715-828C-E2AE2DAFCD0A}.Release|x64.ActiveCfg = Release|Any CPU
		{D2CBB1E5-A945-4715-828C-E2AE2DAFCD0A}.Release|x64.Build.0 = Release|Any CPU
		{D2CBB1E5-A945-4715-828C-E2AE2DAFCD0A}.Release|x86.ActiveCfg = Release|Any CPU
		{D2CBB1E5-A945-4715-828C-E2AE2DAFCD0A}.Release|x86.Build.0 = Release|Any CPU
	EndGlobalSection
	GlobalSection(SolutionProperties) = preSolution
		HideSolutionNode = FALSE
	EndGlobalSection
	GlobalSection(NestedProjects) = preSolution
		{C432C3BE-1051-45F1-95A1-9397BBF35923} = {3560430A-1098-46BE-8732-26BCC70F451A}
		{31368A5F-9770-4198-BC3D-4996917B4139} = {3560430A-1098-46BE-8732-26BCC70F451A}
		{315CD8AB-0509-4D45-ABA5-B2CBD0F10F69} = {3560430A-1098-46BE-8732-26BCC70F451A}
		{DD1A1429-E1AC-4611-9971-F99988C4EDBA} = {8F1F5AA4-B46F-4661-AAB0-490B2C80DA5C}
		{18B8EFFF-84FF-4652-B3E6-A35F59461247} = {8F1F5AA4-B46F-4661-AAB0-490B2C80DA5C}
		{4AD99F97-C930-447D-93DF-225EB347255E} = {8F1F5AA4-B46F-4661-AAB0-490B2C80DA5C}
		{243DA195-5CA0-4826-94E8-13B023BAB8C6} = {8F1F5AA4-B46F-4661-AAB0-490B2C80DA5C}
		{DF56D17F-6CEE-4BED-9931-43260EC3FBD7} = {8F1F5AA4-B46F-4661-AAB0-490B2C80DA5C}
		{EC7F180A-B306-4D9C-84C8-632BB2E4AE5C} = {3560430A-1098-46BE-8732-26BCC70F451A}
		{AB8B448C-DD74-4D60-A041-3E5D03A32180} = {3560430A-1098-46BE-8732-26BCC70F451A}
		{B6863F10-ADC1-4F0C-987B-8ACA2DB14B0F} = {8F1F5AA4-B46F-4661-AAB0-490B2C80DA5C}
		{820441F7-4E40-4536-9B31-6A30C7811E92} = {8F1F5AA4-B46F-4661-AAB0-490B2C80DA5C}
		{C08F0724-A1A8-490D-BE56-2D196B0F877F} = {8F1F5AA4-B46F-4661-AAB0-490B2C80DA5C}
		{E6E57B0F-0C23-4EDD-BEE7-D24A3D2413C5} = {3560430A-1098-46BE-8732-26BCC70F451A}
		{D9C57D48-413A-46A7-8F82-7DDD32A173BE} = {5C29ACB5-924D-42D5-8634-6205091FC610}
		{5D4BFFBE-219F-43F2-AB18-6340B040AB9B} = {5C29ACB5-924D-42D5-8634-6205091FC610}
		{D2CBB1E5-A945-4715-828C-E2AE2DAFCD0A} = {3560430A-1098-46BE-8732-26BCC70F451A}
	EndGlobalSection
	GlobalSection(ExtensibilityGlobals) = postSolution
		SolutionGuid = {A23BF555-AD79-47A1-9C35-FBEB439A91E1}
	EndGlobalSection
EndGlobal
