
Microsoft Visual Studio Solution File, Format Version 12.00
# Visual Studio 14
VisualStudioVersion = 14.0.25420.1
MinimumVisualStudioVersion = 10.0.40219.1
Project("{FAE04EC0-301F-11D3-BF4B-00C04F79EFBC}") = "LabDB2", "LabDB2\LabDB2.csproj", "{99C9E82C-C594-446D-AA59-8FFBC43AD226}"
EndProject
Project("{2150E333-8FDC-42A3-9474-1A3956D46DE8}") = "Modules", "Modules", "{8F1F5AA4-B46F-4661-AAB0-490B2C80DA5C}"
EndProject
Project("{2150E333-8FDC-42A3-9474-1A3956D46DE8}") = "Common", "Common", "{3560430A-1098-46BE-8732-26BCC70F451A}"
EndProject
Project("{FAE04EC0-301F-11D3-BF4B-00C04F79EFBC}") = "Infrastructure", "Infrastructure\Infrastructure.csproj", "{C432C3BE-1051-45F1-95A1-9397BBF35923}"
EndProject
Project("{FAE04EC0-301F-11D3-BF4B-00C04F79EFBC}") = "Navigation", "Navigation\Navigation.csproj", "{31368A5F-9770-4198-BC3D-4996917B4139}"
EndProject
Project("{FAE04EC0-301F-11D3-BF4B-00C04F79EFBC}") = "Batches", "Batches\Batches.csproj", "{9CFE2583-7690-4D76-8B06-BF8D767F3B1F}"
EndProject
Project("{FAE04EC0-301F-11D3-BF4B-00C04F79EFBC}") = "Controls", "Controls\Controls.csproj", "{315CD8AB-0509-4D45-ABA5-B2CBD0F10F69}"
EndProject
Project("{FAE04EC0-301F-11D3-BF4B-00C04F79EFBC}") = "Reports", "Reports\Reports.csproj", "{DD1A1429-E1AC-4611-9971-F99988C4EDBA}"
	ProjectSection(ProjectDependencies) = postProject
		{AB8B448C-DD74-4D60-A041-3E5D03A32180} = {AB8B448C-DD74-4D60-A041-3E5D03A32180}
	EndProjectSection
EndProject
Project("{FAE04EC0-301F-11D3-BF4B-00C04F79EFBC}") = "Projects", "Projects\Projects.csproj", "{18B8EFFF-84FF-4652-B3E6-A35F59461247}"
	ProjectSection(ProjectDependencies) = postProject
		{AB8B448C-DD74-4D60-A041-3E5D03A32180} = {AB8B448C-DD74-4D60-A041-3E5D03A32180}
	EndProjectSection
EndProject
Project("{FAE04EC0-301F-11D3-BF4B-00C04F79EFBC}") = "Specifications", "Specifications\Specifications.csproj", "{4AD99F97-C930-447D-93DF-225EB347255E}"
	ProjectSection(ProjectDependencies) = postProject
		{AB8B448C-DD74-4D60-A041-3E5D03A32180} = {AB8B448C-DD74-4D60-A041-3E5D03A32180}
	EndProjectSection
EndProject
Project("{FAE04EC0-301F-11D3-BF4B-00C04F79EFBC}") = "Standards", "Standards\Standards.csproj", "{CFAECDB8-AC3D-4ADD-989D-6A3D40B06B1C}"
	ProjectSection(ProjectDependencies) = postProject
		{AB8B448C-DD74-4D60-A041-3E5D03A32180} = {AB8B448C-DD74-4D60-A041-3E5D03A32180}
	EndProjectSection
EndProject
Project("{FAE04EC0-301F-11D3-BF4B-00C04F79EFBC}") = "Methods", "Methods\Methods.csproj", "{255095CD-0ADD-4970-A6D3-0C8C19AAA35F}"
	ProjectSection(ProjectDependencies) = postProject
		{AB8B448C-DD74-4D60-A041-3E5D03A32180} = {AB8B448C-DD74-4D60-A041-3E5D03A32180}
	EndProjectSection
EndProject
Project("{FAE04EC0-301F-11D3-BF4B-00C04F79EFBC}") = "Tasks", "Tasks\Tasks.csproj", "{243DA195-5CA0-4826-94E8-13B023BAB8C6}"
	ProjectSection(ProjectDependencies) = postProject
		{AB8B448C-DD74-4D60-A041-3E5D03A32180} = {AB8B448C-DD74-4D60-A041-3E5D03A32180}
	EndProjectSection
EndProject
Project("{FAE04EC0-301F-11D3-BF4B-00C04F79EFBC}") = "Masters", "Masters\Masters.csproj", "{4C670989-4C2C-4503-BAC5-14D276938A8F}"
	ProjectSection(ProjectDependencies) = postProject
		{AB8B448C-DD74-4D60-A041-3E5D03A32180} = {AB8B448C-DD74-4D60-A041-3E5D03A32180}
	EndProjectSection
EndProject
Project("{FAE04EC0-301F-11D3-BF4B-00C04F79EFBC}") = "Admin", "Admin\Admin.csproj", "{DF56D17F-6CEE-4BED-9931-43260EC3FBD7}"
EndProject
Project("{FAE04EC0-301F-11D3-BF4B-00C04F79EFBC}") = "Security", "Security\Security.csproj", "{EC7F180A-B306-4D9C-84C8-632BB2E4AE5C}"
EndProject
Project("{FAE04EC0-301F-11D3-BF4B-00C04F79EFBC}") = "DBManager", "DBManager\DBManager.csproj", "{AB8B448C-DD74-4D60-A041-3E5D03A32180}"
EndProject
Project("{FAE04EC0-301F-11D3-BF4B-00C04F79EFBC}") = "Materials", "Materials\Materials.csproj", "{B6863F10-ADC1-4F0C-987B-8ACA2DB14B0F}"
EndProject
Global
	GlobalSection(SolutionConfigurationPlatforms) = preSolution
		Debug|Any CPU = Debug|Any CPU
		Release|Any CPU = Release|Any CPU
	EndGlobalSection
	GlobalSection(ProjectConfigurationPlatforms) = postSolution
		{99C9E82C-C594-446D-AA59-8FFBC43AD226}.Debug|Any CPU.ActiveCfg = Debug|Any CPU
		{99C9E82C-C594-446D-AA59-8FFBC43AD226}.Debug|Any CPU.Build.0 = Debug|Any CPU
		{99C9E82C-C594-446D-AA59-8FFBC43AD226}.Release|Any CPU.ActiveCfg = Release|Any CPU
		{99C9E82C-C594-446D-AA59-8FFBC43AD226}.Release|Any CPU.Build.0 = Release|Any CPU
		{C432C3BE-1051-45F1-95A1-9397BBF35923}.Debug|Any CPU.ActiveCfg = Debug|Any CPU
		{C432C3BE-1051-45F1-95A1-9397BBF35923}.Debug|Any CPU.Build.0 = Debug|Any CPU
		{C432C3BE-1051-45F1-95A1-9397BBF35923}.Release|Any CPU.ActiveCfg = Release|Any CPU
		{C432C3BE-1051-45F1-95A1-9397BBF35923}.Release|Any CPU.Build.0 = Release|Any CPU
		{31368A5F-9770-4198-BC3D-4996917B4139}.Debug|Any CPU.ActiveCfg = Debug|Any CPU
		{31368A5F-9770-4198-BC3D-4996917B4139}.Debug|Any CPU.Build.0 = Debug|Any CPU
		{31368A5F-9770-4198-BC3D-4996917B4139}.Release|Any CPU.ActiveCfg = Release|Any CPU
		{31368A5F-9770-4198-BC3D-4996917B4139}.Release|Any CPU.Build.0 = Release|Any CPU
		{9CFE2583-7690-4D76-8B06-BF8D767F3B1F}.Debug|Any CPU.ActiveCfg = Debug|Any CPU
		{9CFE2583-7690-4D76-8B06-BF8D767F3B1F}.Debug|Any CPU.Build.0 = Debug|Any CPU
		{9CFE2583-7690-4D76-8B06-BF8D767F3B1F}.Release|Any CPU.ActiveCfg = Release|Any CPU
		{9CFE2583-7690-4D76-8B06-BF8D767F3B1F}.Release|Any CPU.Build.0 = Release|Any CPU
		{315CD8AB-0509-4D45-ABA5-B2CBD0F10F69}.Debug|Any CPU.ActiveCfg = Debug|Any CPU
		{315CD8AB-0509-4D45-ABA5-B2CBD0F10F69}.Debug|Any CPU.Build.0 = Debug|Any CPU
		{315CD8AB-0509-4D45-ABA5-B2CBD0F10F69}.Release|Any CPU.ActiveCfg = Release|Any CPU
		{315CD8AB-0509-4D45-ABA5-B2CBD0F10F69}.Release|Any CPU.Build.0 = Release|Any CPU
		{DD1A1429-E1AC-4611-9971-F99988C4EDBA}.Debug|Any CPU.ActiveCfg = Debug|Any CPU
		{DD1A1429-E1AC-4611-9971-F99988C4EDBA}.Debug|Any CPU.Build.0 = Debug|Any CPU
		{DD1A1429-E1AC-4611-9971-F99988C4EDBA}.Release|Any CPU.ActiveCfg = Release|Any CPU
		{DD1A1429-E1AC-4611-9971-F99988C4EDBA}.Release|Any CPU.Build.0 = Release|Any CPU
		{18B8EFFF-84FF-4652-B3E6-A35F59461247}.Debug|Any CPU.ActiveCfg = Debug|Any CPU
		{18B8EFFF-84FF-4652-B3E6-A35F59461247}.Debug|Any CPU.Build.0 = Debug|Any CPU
		{18B8EFFF-84FF-4652-B3E6-A35F59461247}.Release|Any CPU.ActiveCfg = Release|Any CPU
		{18B8EFFF-84FF-4652-B3E6-A35F59461247}.Release|Any CPU.Build.0 = Release|Any CPU
		{4AD99F97-C930-447D-93DF-225EB347255E}.Debug|Any CPU.ActiveCfg = Debug|Any CPU
		{4AD99F97-C930-447D-93DF-225EB347255E}.Debug|Any CPU.Build.0 = Debug|Any CPU
		{4AD99F97-C930-447D-93DF-225EB347255E}.Release|Any CPU.ActiveCfg = Release|Any CPU
		{4AD99F97-C930-447D-93DF-225EB347255E}.Release|Any CPU.Build.0 = Release|Any CPU
		{CFAECDB8-AC3D-4ADD-989D-6A3D40B06B1C}.Debug|Any CPU.ActiveCfg = Debug|Any CPU
		{CFAECDB8-AC3D-4ADD-989D-6A3D40B06B1C}.Debug|Any CPU.Build.0 = Debug|Any CPU
		{CFAECDB8-AC3D-4ADD-989D-6A3D40B06B1C}.Release|Any CPU.ActiveCfg = Release|Any CPU
		{CFAECDB8-AC3D-4ADD-989D-6A3D40B06B1C}.Release|Any CPU.Build.0 = Release|Any CPU
		{255095CD-0ADD-4970-A6D3-0C8C19AAA35F}.Debug|Any CPU.ActiveCfg = Debug|Any CPU
		{255095CD-0ADD-4970-A6D3-0C8C19AAA35F}.Debug|Any CPU.Build.0 = Debug|Any CPU
		{255095CD-0ADD-4970-A6D3-0C8C19AAA35F}.Release|Any CPU.ActiveCfg = Release|Any CPU
		{255095CD-0ADD-4970-A6D3-0C8C19AAA35F}.Release|Any CPU.Build.0 = Release|Any CPU
		{243DA195-5CA0-4826-94E8-13B023BAB8C6}.Debug|Any CPU.ActiveCfg = Debug|Any CPU
		{243DA195-5CA0-4826-94E8-13B023BAB8C6}.Debug|Any CPU.Build.0 = Debug|Any CPU
		{243DA195-5CA0-4826-94E8-13B023BAB8C6}.Release|Any CPU.ActiveCfg = Release|Any CPU
		{243DA195-5CA0-4826-94E8-13B023BAB8C6}.Release|Any CPU.Build.0 = Release|Any CPU
		{4C670989-4C2C-4503-BAC5-14D276938A8F}.Debug|Any CPU.ActiveCfg = Debug|Any CPU
		{4C670989-4C2C-4503-BAC5-14D276938A8F}.Debug|Any CPU.Build.0 = Debug|Any CPU
		{4C670989-4C2C-4503-BAC5-14D276938A8F}.Release|Any CPU.ActiveCfg = Release|Any CPU
		{4C670989-4C2C-4503-BAC5-14D276938A8F}.Release|Any CPU.Build.0 = Release|Any CPU
		{DF56D17F-6CEE-4BED-9931-43260EC3FBD7}.Debug|Any CPU.ActiveCfg = Debug|Any CPU
		{DF56D17F-6CEE-4BED-9931-43260EC3FBD7}.Debug|Any CPU.Build.0 = Debug|Any CPU
		{DF56D17F-6CEE-4BED-9931-43260EC3FBD7}.Release|Any CPU.ActiveCfg = Release|Any CPU
		{DF56D17F-6CEE-4BED-9931-43260EC3FBD7}.Release|Any CPU.Build.0 = Release|Any CPU
		{EC7F180A-B306-4D9C-84C8-632BB2E4AE5C}.Debug|Any CPU.ActiveCfg = Debug|Any CPU
		{EC7F180A-B306-4D9C-84C8-632BB2E4AE5C}.Debug|Any CPU.Build.0 = Debug|Any CPU
		{EC7F180A-B306-4D9C-84C8-632BB2E4AE5C}.Release|Any CPU.ActiveCfg = Release|Any CPU
		{EC7F180A-B306-4D9C-84C8-632BB2E4AE5C}.Release|Any CPU.Build.0 = Release|Any CPU
		{AB8B448C-DD74-4D60-A041-3E5D03A32180}.Debug|Any CPU.ActiveCfg = Debug|Any CPU
		{AB8B448C-DD74-4D60-A041-3E5D03A32180}.Debug|Any CPU.Build.0 = Debug|Any CPU
		{AB8B448C-DD74-4D60-A041-3E5D03A32180}.Release|Any CPU.ActiveCfg = Release|Any CPU
		{AB8B448C-DD74-4D60-A041-3E5D03A32180}.Release|Any CPU.Build.0 = Release|Any CPU
		{B6863F10-ADC1-4F0C-987B-8ACA2DB14B0F}.Debug|Any CPU.ActiveCfg = Debug|Any CPU
		{B6863F10-ADC1-4F0C-987B-8ACA2DB14B0F}.Debug|Any CPU.Build.0 = Debug|Any CPU
		{B6863F10-ADC1-4F0C-987B-8ACA2DB14B0F}.Release|Any CPU.ActiveCfg = Release|Any CPU
		{B6863F10-ADC1-4F0C-987B-8ACA2DB14B0F}.Release|Any CPU.Build.0 = Release|Any CPU
	EndGlobalSection
	GlobalSection(SolutionProperties) = preSolution
		HideSolutionNode = FALSE
	EndGlobalSection
	GlobalSection(NestedProjects) = preSolution
		{C432C3BE-1051-45F1-95A1-9397BBF35923} = {3560430A-1098-46BE-8732-26BCC70F451A}
		{31368A5F-9770-4198-BC3D-4996917B4139} = {3560430A-1098-46BE-8732-26BCC70F451A}
		{9CFE2583-7690-4D76-8B06-BF8D767F3B1F} = {8F1F5AA4-B46F-4661-AAB0-490B2C80DA5C}
		{315CD8AB-0509-4D45-ABA5-B2CBD0F10F69} = {3560430A-1098-46BE-8732-26BCC70F451A}
		{DD1A1429-E1AC-4611-9971-F99988C4EDBA} = {8F1F5AA4-B46F-4661-AAB0-490B2C80DA5C}
		{18B8EFFF-84FF-4652-B3E6-A35F59461247} = {8F1F5AA4-B46F-4661-AAB0-490B2C80DA5C}
		{4AD99F97-C930-447D-93DF-225EB347255E} = {8F1F5AA4-B46F-4661-AAB0-490B2C80DA5C}
		{CFAECDB8-AC3D-4ADD-989D-6A3D40B06B1C} = {8F1F5AA4-B46F-4661-AAB0-490B2C80DA5C}
		{255095CD-0ADD-4970-A6D3-0C8C19AAA35F} = {8F1F5AA4-B46F-4661-AAB0-490B2C80DA5C}
		{243DA195-5CA0-4826-94E8-13B023BAB8C6} = {8F1F5AA4-B46F-4661-AAB0-490B2C80DA5C}
		{4C670989-4C2C-4503-BAC5-14D276938A8F} = {8F1F5AA4-B46F-4661-AAB0-490B2C80DA5C}
		{DF56D17F-6CEE-4BED-9931-43260EC3FBD7} = {8F1F5AA4-B46F-4661-AAB0-490B2C80DA5C}
		{EC7F180A-B306-4D9C-84C8-632BB2E4AE5C} = {3560430A-1098-46BE-8732-26BCC70F451A}
		{AB8B448C-DD74-4D60-A041-3E5D03A32180} = {3560430A-1098-46BE-8732-26BCC70F451A}
		{B6863F10-ADC1-4F0C-987B-8ACA2DB14B0F} = {8F1F5AA4-B46F-4661-AAB0-490B2C80DA5C}
	EndGlobalSection
EndGlobal
